
Microsoft Visual Studio Solution File, Format Version 12.00
# Visual Studio Version 17
VisualStudioVersion = 17.4.33110.190
MinimumVisualStudioVersion = 10.0.40219.1
Project("{9A19103F-16F7-4668-BE54-9A1E7A4F7556}") = "MobyLabWebProgramming.Backend", "MobyLabWebProgramming.Backend\MobyLabWebProgramming.Backend.csproj", "{4FA1886A-1351-4B56-AF6B-038CF502A959}"
EndProject
Project("{FAE04EC0-301F-11D3-BF4B-00C04F79EFBC}") = "MobyLabWebProgramming.Core", "MobyLabWebProgramming.Core\MobyLabWebProgramming.Core.csproj", "{3A4060EB-2070-4FE5-B72B-F808FCC796A4}"
EndProject
Project("{FAE04EC0-301F-11D3-BF4B-00C04F79EFBC}") = "MobyLabWebProgramming.Infrastructure", "MobyLabWebProgramming.Infrastructure\MobyLabWebProgramming.Infrastructure.csproj", "{C7612CBB-DA9F-4E2A-AFDC-146EE76F74A4}"
EndProject
Global
	GlobalSection(SolutionConfigurationPlatforms) = preSolution
		Debug|Any CPU = Debug|Any CPU
		Release|Any CPU = Release|Any CPU
	EndGlobalSection
	GlobalSection(ProjectConfigurationPlatforms) = postSolution
		{4FA1886A-1351-4B56-AF6B-038CF502A959}.Debug|Any CPU.ActiveCfg = Debug|Any CPU
		{4FA1886A-1351-4B56-AF6B-038CF502A959}.Debug|Any CPU.Build.0 = Debug|Any CPU
		{4FA1886A-1351-4B56-AF6B-038CF502A959}.Release|Any CPU.ActiveCfg = Release|Any CPU
		{4FA1886A-1351-4B56-AF6B-038CF502A959}.Release|Any CPU.Build.0 = Release|Any CPU
		{3A4060EB-2070-4FE5-B72B-F808FCC796A4}.Debug|Any CPU.ActiveCfg = Debug|Any CPU
		{3A4060EB-2070-4FE5-B72B-F808FCC796A4}.Debug|Any CPU.Build.0 = Debug|Any CPU
		{3A4060EB-2070-4FE5-B72B-F808FCC796A4}.Release|Any CPU.ActiveCfg = Release|Any CPU
		{3A4060EB-2070-4FE5-B72B-F808FCC796A4}.Release|Any CPU.Build.0 = Release|Any CPU
		{C7612CBB-DA9F-4E2A-AFDC-146EE76F74A4}.Debug|Any CPU.ActiveCfg = Debug|Any CPU
		{C7612CBB-DA9F-4E2A-AFDC-146EE76F74A4}.Debug|Any CPU.Build.0 = Debug|Any CPU
		{C7612CBB-DA9F-4E2A-AFDC-146EE76F74A4}.Release|Any CPU.ActiveCfg = Release|Any CPU
		{C7612CBB-DA9F-4E2A-AFDC-146EE76F74A4}.Release|Any CPU.Build.0 = Release|Any CPU
	EndGlobalSection
	GlobalSection(SolutionProperties) = preSolution
		HideSolutionNode = FALSE
	EndGlobalSection
	GlobalSection(ExtensibilityGlobals) = postSolution
		SolutionGuid = {70E59841-DE5C-4000-B818-E2D95A55A633}
	EndGlobalSection
EndGlobal
